
Microsoft Visual Studio Solution File, Format Version 12.00
# Visual Studio 14
VisualStudioVersion = 14.0.24720.0
MinimumVisualStudioVersion = 10.0.40219.1
Project("{2150E333-8FDC-42A3-9474-1A3956D46DE8}") = "src", "src", "{69DEBE83-BA3A-420A-AA7E-3D7F1B696D5E}"
EndProject
Project("{8BB2217D-0F2D-49D1-97BC-3654ED321F3B}") = "TheEight.WebApp", "src\TheEight.WebApp\TheEight.WebApp.xproj", "{83D26331-A739-4E94-B764-97BB5EE80441}"
EndProject
Project("{2150E333-8FDC-42A3-9474-1A3956D46DE8}") = "Solution Items", "Solution Items", "{CAEF08D3-56BC-45BF-A50C-AE2A3B7C32A5}"
	ProjectSection(SolutionItems) = preProject
		global.json = global.json
	EndProjectSection
EndProject
Project("{2150E333-8FDC-42A3-9474-1A3956D46DE8}") = "test", "test", "{0D3F6916-8E45-4E5C-96D7-CD87049802C4}"
EndProject
Project("{8BB2217D-0F2D-49D1-97BC-3654ED321F3B}") = "TheEight.Common", "src\TheEight.Common\TheEight.Common.xproj", "{FBF539E0-1767-4AFA-9DCD-F19BBB397AA9}"
EndProject
Project("{8BB2217D-0F2D-49D1-97BC-3654ED321F3B}") = "TheEight.QueueHandlers", "src\TheEight.QueueHandlers\TheEight.QueueHandlers.xproj", "{7414D0DC-3DAF-4CCA-AB4B-EFC756467184}"
EndProject
Project("{00D1A9C2-B5F0-4AF3-8072-F6C62B433612}") = "TheEight.Database", "src\TheEight.Database\TheEight.Database.sqlproj", "{1B98D5AC-9183-4AA0-8D06-03D82615560E}"
EndProject
Project("{8BB2217D-0F2D-49D1-97BC-3654ED321F3B}") = "TheEight.Common.Tests", "test\TheEight.Common.Tests\TheEight.Common.Tests.xproj", "{B33226BD-952B-43E8-9E8F-644E7819A3E6}"
EndProject
Project("{8BB2217D-0F2D-49D1-97BC-3654ED321F3B}") = "TheEight.WebApp.Tests", "test\TheEight.WebApp.Tests\TheEight.WebApp.Tests.xproj", "{BF9459F4-BE94-43D8-A205-80D5B89CFF64}"
EndProject
Project("{8BB2217D-0F2D-49D1-97BC-3654ED321F3B}") = "TheEight.QueueHandlers.Tests", "test\TheEight.QueueHandlers.Tests\TheEight.QueueHandlers.Tests.xproj", "{E365FA59-811E-4A60-9B47-719149E9FD30}"
EndProject
Project("{151D2E53-A2C4-4D7D-83FE-D05416EBD58E}") = "TheEight.AzureResourceGroup", "src\TheEight.AzureResourceGroup\TheEight.AzureResourceGroup.deployproj", "{8BCDE732-06BC-4D58-8113-8E2F853CC46B}"
EndProject
Global
	GlobalSection(SolutionConfigurationPlatforms) = preSolution
		Debug|Any CPU = Debug|Any CPU
		Release|Any CPU = Release|Any CPU
	EndGlobalSection
	GlobalSection(ProjectConfigurationPlatforms) = postSolution
		{83D26331-A739-4E94-B764-97BB5EE80441}.Debug|Any CPU.ActiveCfg = Debug|Any CPU
		{83D26331-A739-4E94-B764-97BB5EE80441}.Debug|Any CPU.Build.0 = Debug|Any CPU
		{83D26331-A739-4E94-B764-97BB5EE80441}.Release|Any CPU.ActiveCfg = Release|Any CPU
		{83D26331-A739-4E94-B764-97BB5EE80441}.Release|Any CPU.Build.0 = Release|Any CPU
		{FBF539E0-1767-4AFA-9DCD-F19BBB397AA9}.Debug|Any CPU.ActiveCfg = Debug|Any CPU
		{FBF539E0-1767-4AFA-9DCD-F19BBB397AA9}.Debug|Any CPU.Build.0 = Debug|Any CPU
		{FBF539E0-1767-4AFA-9DCD-F19BBB397AA9}.Release|Any CPU.ActiveCfg = Release|Any CPU
		{FBF539E0-1767-4AFA-9DCD-F19BBB397AA9}.Release|Any CPU.Build.0 = Release|Any CPU
		{7414D0DC-3DAF-4CCA-AB4B-EFC756467184}.Debug|Any CPU.ActiveCfg = Debug|Any CPU
		{7414D0DC-3DAF-4CCA-AB4B-EFC756467184}.Debug|Any CPU.Build.0 = Debug|Any CPU
		{7414D0DC-3DAF-4CCA-AB4B-EFC756467184}.Release|Any CPU.ActiveCfg = Release|Any CPU
		{7414D0DC-3DAF-4CCA-AB4B-EFC756467184}.Release|Any CPU.Build.0 = Release|Any CPU
		{1B98D5AC-9183-4AA0-8D06-03D82615560E}.Debug|Any CPU.ActiveCfg = Debug|Any CPU
		{1B98D5AC-9183-4AA0-8D06-03D82615560E}.Debug|Any CPU.Build.0 = Debug|Any CPU
		{1B98D5AC-9183-4AA0-8D06-03D82615560E}.Debug|Any CPU.Deploy.0 = Debug|Any CPU
		{1B98D5AC-9183-4AA0-8D06-03D82615560E}.Release|Any CPU.ActiveCfg = Release|Any CPU
		{1B98D5AC-9183-4AA0-8D06-03D82615560E}.Release|Any CPU.Build.0 = Release|Any CPU
		{1B98D5AC-9183-4AA0-8D06-03D82615560E}.Release|Any CPU.Deploy.0 = Release|Any CPU
		{B33226BD-952B-43E8-9E8F-644E7819A3E6}.Debug|Any CPU.ActiveCfg = Debug|Any CPU
		{B33226BD-952B-43E8-9E8F-644E7819A3E6}.Debug|Any CPU.Build.0 = Debug|Any CPU
		{B33226BD-952B-43E8-9E8F-644E7819A3E6}.Release|Any CPU.ActiveCfg = Release|Any CPU
		{B33226BD-952B-43E8-9E8F-644E7819A3E6}.Release|Any CPU.Build.0 = Release|Any CPU
		{BF9459F4-BE94-43D8-A205-80D5B89CFF64}.Debug|Any CPU.ActiveCfg = Debug|Any CPU
		{BF9459F4-BE94-43D8-A205-80D5B89CFF64}.Debug|Any CPU.Build.0 = Debug|Any CPU
		{BF9459F4-BE94-43D8-A205-80D5B89CFF64}.Release|Any CPU.ActiveCfg = Release|Any CPU
		{BF9459F4-BE94-43D8-A205-80D5B89CFF64}.Release|Any CPU.Build.0 = Release|Any CPU
		{E365FA59-811E-4A60-9B47-719149E9FD30}.Debug|Any CPU.ActiveCfg = Debug|Any CPU
		{E365FA59-811E-4A60-9B47-719149E9FD30}.Debug|Any CPU.Build.0 = Debug|Any CPU
		{E365FA59-811E-4A60-9B47-719149E9FD30}.Release|Any CPU.ActiveCfg = Release|Any CPU
		{E365FA59-811E-4A60-9B47-719149E9FD30}.Release|Any CPU.Build.0 = Release|Any CPU
		{8BCDE732-06BC-4D58-8113-8E2F853CC46B}.Debug|Any CPU.ActiveCfg = Debug|Any CPU
		{8BCDE732-06BC-4D58-8113-8E2F853CC46B}.Debug|Any CPU.Build.0 = Debug|Any CPU
		{8BCDE732-06BC-4D58-8113-8E2F853CC46B}.Release|Any CPU.ActiveCfg = Release|Any CPU
		{8BCDE732-06BC-4D58-8113-8E2F853CC46B}.Release|Any CPU.Build.0 = Release|Any CPU
	EndGlobalSection
	GlobalSection(SolutionProperties) = preSolution
		HideSolutionNode = FALSE
	EndGlobalSection
	GlobalSection(NestedProjects) = preSolution
		{83D26331-A739-4E94-B764-97BB5EE80441} = {69DEBE83-BA3A-420A-AA7E-3D7F1B696D5E}
		{FBF539E0-1767-4AFA-9DCD-F19BBB397AA9} = {69DEBE83-BA3A-420A-AA7E-3D7F1B696D5E}
		{7414D0DC-3DAF-4CCA-AB4B-EFC756467184} = {69DEBE83-BA3A-420A-AA7E-3D7F1B696D5E}
		{1B98D5AC-9183-4AA0-8D06-03D82615560E} = {69DEBE83-BA3A-420A-AA7E-3D7F1B696D5E}
		{B33226BD-952B-43E8-9E8F-644E7819A3E6} = {0D3F6916-8E45-4E5C-96D7-CD87049802C4}
		{BF9459F4-BE94-43D8-A205-80D5B89CFF64} = {0D3F6916-8E45-4E5C-96D7-CD87049802C4}
		{E365FA59-811E-4A60-9B47-719149E9FD30} = {0D3F6916-8E45-4E5C-96D7-CD87049802C4}
		{8BCDE732-06BC-4D58-8113-8E2F853CC46B} = {69DEBE83-BA3A-420A-AA7E-3D7F1B696D5E}
	EndGlobalSection
EndGlobal
