
Microsoft Visual Studio Solution File, Format Version 12.00
# Visual Studio 14
VisualStudioVersion = 14.0.23107.0
MinimumVisualStudioVersion = 10.0.40219.1
Project("{2150E333-8FDC-42A3-9474-1A3956D46DE8}") = "src", "src", "{69DEBE83-BA3A-420A-AA7E-3D7F1B696D5E}"
EndProject
Project("{8BB2217D-0F2D-49D1-97BC-3654ED321F3B}") = "TheEight.Common", "src\TheEight.Common\TheEight.Common.xproj", "{FBF539E0-1767-4AFA-9DCD-F19BBB397AA9}"
EndProject
Project("{8BB2217D-0F2D-49D1-97BC-3654ED321F3B}") = "TheEight.Domain", "src\TheEight.Domain\TheEight.Domain.xproj", "{1F8FB55D-1C41-4D1A-8569-19FCDE91CD90}"
EndProject
Project("{8BB2217D-0F2D-49D1-97BC-3654ED321F3B}") = "TheEight.WebApp", "src\TheEight.WebApp\TheEight.WebApp.xproj", "{83D26331-A739-4E94-B764-97BB5EE80441}"
EndProject
Project("{2150E333-8FDC-42A3-9474-1A3956D46DE8}") = "Solution Items", "Solution Items", "{CAEF08D3-56BC-45BF-A50C-AE2A3B7C32A5}"
	ProjectSection(SolutionItems) = preProject
		global.json = global.json
	EndProjectSection
EndProject
Project("{2150E333-8FDC-42A3-9474-1A3956D46DE8}") = "test", "test", "{0D3F6916-8E45-4E5C-96D7-CD87049802C4}"
EndProject
Project("{8BB2217D-0F2D-49D1-97BC-3654ED321F3B}") = "TheEight.Domain.Tests", "test\TheEight.Domain.Tests\TheEight.Domain.Tests.xproj", "{B33226BD-952B-43E8-9E8F-644E7819A3E6}"
EndProject
Global
	GlobalSection(SolutionConfigurationPlatforms) = preSolution
		Debug|Any CPU = Debug|Any CPU
		Release|Any CPU = Release|Any CPU
	EndGlobalSection
	GlobalSection(ProjectConfigurationPlatforms) = postSolution
		{FBF539E0-1767-4AFA-9DCD-F19BBB397AA9}.Debug|Any CPU.ActiveCfg = Debug|Any CPU
		{FBF539E0-1767-4AFA-9DCD-F19BBB397AA9}.Debug|Any CPU.Build.0 = Debug|Any CPU
		{FBF539E0-1767-4AFA-9DCD-F19BBB397AA9}.Release|Any CPU.ActiveCfg = Release|Any CPU
		{FBF539E0-1767-4AFA-9DCD-F19BBB397AA9}.Release|Any CPU.Build.0 = Release|Any CPU
		{1F8FB55D-1C41-4D1A-8569-19FCDE91CD90}.Debug|Any CPU.ActiveCfg = Debug|Any CPU
		{1F8FB55D-1C41-4D1A-8569-19FCDE91CD90}.Debug|Any CPU.Build.0 = Debug|Any CPU
		{1F8FB55D-1C41-4D1A-8569-19FCDE91CD90}.Release|Any CPU.ActiveCfg = Release|Any CPU
		{1F8FB55D-1C41-4D1A-8569-19FCDE91CD90}.Release|Any CPU.Build.0 = Release|Any CPU
		{83D26331-A739-4E94-B764-97BB5EE80441}.Debug|Any CPU.ActiveCfg = Debug|Any CPU
		{83D26331-A739-4E94-B764-97BB5EE80441}.Debug|Any CPU.Build.0 = Debug|Any CPU
		{83D26331-A739-4E94-B764-97BB5EE80441}.Release|Any CPU.ActiveCfg = Release|Any CPU
		{83D26331-A739-4E94-B764-97BB5EE80441}.Release|Any CPU.Build.0 = Release|Any CPU
		{B33226BD-952B-43E8-9E8F-644E7819A3E6}.Debug|Any CPU.ActiveCfg = Debug|Any CPU
		{B33226BD-952B-43E8-9E8F-644E7819A3E6}.Debug|Any CPU.Build.0 = Debug|Any CPU
		{B33226BD-952B-43E8-9E8F-644E7819A3E6}.Release|Any CPU.ActiveCfg = Release|Any CPU
		{B33226BD-952B-43E8-9E8F-644E7819A3E6}.Release|Any CPU.Build.0 = Release|Any CPU
	EndGlobalSection
	GlobalSection(SolutionProperties) = preSolution
		HideSolutionNode = FALSE
	EndGlobalSection
	GlobalSection(NestedProjects) = preSolution
		{FBF539E0-1767-4AFA-9DCD-F19BBB397AA9} = {69DEBE83-BA3A-420A-AA7E-3D7F1B696D5E}
		{1F8FB55D-1C41-4D1A-8569-19FCDE91CD90} = {69DEBE83-BA3A-420A-AA7E-3D7F1B696D5E}
		{83D26331-A739-4E94-B764-97BB5EE80441} = {69DEBE83-BA3A-420A-AA7E-3D7F1B696D5E}
		{B33226BD-952B-43E8-9E8F-644E7819A3E6} = {0D3F6916-8E45-4E5C-96D7-CD87049802C4}
	EndGlobalSection
EndGlobal
